
Microsoft Visual Studio Solution File, Format Version 12.00
# Visual Studio Version 16
VisualStudioVersion = 16.0.29102.190
MinimumVisualStudioVersion = 10.0.40219.1
Project("{FAE04EC0-301F-11D3-BF4B-00C04F79EFBC}") = "SimpleSessionServer", "SimpleSessionServer\SimpleSessionServer.csproj", "{F6DAAD07-14F6-47F1-BF50-BB3F17DDAC16}"
EndProject
Global
	GlobalSection(SolutionConfigurationPlatforms) = preSolution
		Debug|Any CPU = Debug|Any CPU
		Release|Any CPU = Release|Any CPU
	EndGlobalSection
	GlobalSection(ProjectConfigurationPlatforms) = postSolution
		{F6DAAD07-14F6-47F1-BF50-BB3F17DDAC16}.Debug|Any CPU.ActiveCfg = Debug|Any CPU
		{F6DAAD07-14F6-47F1-BF50-BB3F17DDAC16}.Debug|Any CPU.Build.0 = Debug|Any CPU
		{F6DAAD07-14F6-47F1-BF50-BB3F17DDAC16}.Release|Any CPU.ActiveCfg = Release|Any CPU
		{F6DAAD07-14F6-47F1-BF50-BB3F17DDAC16}.Release|Any CPU.Build.0 = Release|Any CPU
	EndGlobalSection
	GlobalSection(SolutionProperties) = preSolution
		HideSolutionNode = FALSE
	EndGlobalSection
	GlobalSection(ExtensibilityGlobals) = postSolution
		SolutionGuid = {92E4EE5B-7E95-4E71-82C3-9471C16C3704}
	EndGlobalSection
EndGlobal
